
Microsoft Visual Studio Solution File, Format Version 12.00
# Visual Studio Version 17
VisualStudioVersion = 17.9.34607.119
MinimumVisualStudioVersion = 10.0.40219.1
Project("{8BC9CEB8-8B4A-11D0-8D11-00A0C91BC942}") = "DynamicLibrary", "Bye\Bye.vcxproj", "{E633D4BD-5828-409F-BA19-27CDD46F8A70}"
EndProject
Project("{8BC9CEB8-8B4A-11D0-8D11-00A0C91BC942}") = "LeaverClient", "LeaverClient\LeaverClient.vcxproj", "{B8722E75-BB2A-49A6-8228-9BA09FB3B805}"
EndProject
Global
	GlobalSection(SolutionConfigurationPlatforms) = preSolution
		Debug|x64 = Debug|x64
		Debug|x86 = Debug|x86
		Release|x64 = Release|x64
		Release|x86 = Release|x86
	EndGlobalSection
	GlobalSection(ProjectConfigurationPlatforms) = postSolution
		{E633D4BD-5828-409F-BA19-27CDD46F8A70}.Debug|x64.ActiveCfg = Debug|x64
		{E633D4BD-5828-409F-BA19-27CDD46F8A70}.Debug|x64.Build.0 = Debug|x64
		{E633D4BD-5828-409F-BA19-27CDD46F8A70}.Debug|x86.ActiveCfg = Debug|Win32
		{E633D4BD-5828-409F-BA19-27CDD46F8A70}.Debug|x86.Build.0 = Debug|Win32
		{E633D4BD-5828-409F-BA19-27CDD46F8A70}.Release|x64.ActiveCfg = Release|x64
		{E633D4BD-5828-409F-BA19-27CDD46F8A70}.Release|x64.Build.0 = Release|x64
		{E633D4BD-5828-409F-BA19-27CDD46F8A70}.Release|x86.ActiveCfg = Release|Win32
		{E633D4BD-5828-409F-BA19-27CDD46F8A70}.Release|x86.Build.0 = Release|Win32
		{B8722E75-BB2A-49A6-8228-9BA09FB3B805}.Debug|x64.ActiveCfg = Debug|x64
		{B8722E75-BB2A-49A6-8228-9BA09FB3B805}.Debug|x64.Build.0 = Debug|x64
		{B8722E75-BB2A-49A6-8228-9BA09FB3B805}.Debug|x86.ActiveCfg = Debug|Win32
		{B8722E75-BB2A-49A6-8228-9BA09FB3B805}.Debug|x86.Build.0 = Debug|Win32
		{B8722E75-BB2A-49A6-8228-9BA09FB3B805}.Release|x64.ActiveCfg = Release|x64
		{B8722E75-BB2A-49A6-8228-9BA09FB3B805}.Release|x64.Build.0 = Release|x64
		{B8722E75-BB2A-49A6-8228-9BA09FB3B805}.Release|x86.ActiveCfg = Release|Win32
		{B8722E75-BB2A-49A6-8228-9BA09FB3B805}.Release|x86.Build.0 = Release|Win32
	EndGlobalSection
	GlobalSection(SolutionProperties) = preSolution
		HideSolutionNode = FALSE
	EndGlobalSection
	GlobalSection(ExtensibilityGlobals) = postSolution
		SolutionGuid = {85B5D5FF-23D5-4273-92CF-5BEA8238B1EC}
	EndGlobalSection
EndGlobal
